
Microsoft Visual Studio Solution File, Format Version 12.00
# Visual Studio Version 16
VisualStudioVersion = 16.0.31205.134
MinimumVisualStudioVersion = 10.0.40219.1
Project("{FAE04EC0-301F-11D3-BF4B-00C04F79EFBC}") = "PdfiumViewer", "PdfiumViewer\PdfiumViewer.csproj", "{438914B6-5D1C-482C-B942-5C0E057EEF6F}"
EndProject
Project("{FAE04EC0-301F-11D3-BF4B-00C04F79EFBC}") = "PdfiumViewer.Demo", "PdfiumViewer.Demo\PdfiumViewer.Demo.csproj", "{ADD131F6-17EB-4E42-932F-74CBE6DBEEB3}"
EndProject
Project("{FAE04EC0-301F-11D3-BF4B-00C04F79EFBC}") = "form452", "form452\form452.csproj", "{85013E2F-6DB1-48D6-AB3D-67181FEFD916}"
EndProject
Global
	GlobalSection(SolutionConfigurationPlatforms) = preSolution
		Debug|Any CPU = Debug|Any CPU
		Debug|x64 = Debug|x64
		Debug|x86 = Debug|x86
		Release|Any CPU = Release|Any CPU
		Release|x64 = Release|x64
		Release|x86 = Release|x86
	EndGlobalSection
	GlobalSection(ProjectConfigurationPlatforms) = postSolution
		{438914B6-5D1C-482C-B942-5C0E057EEF6F}.Debug|Any CPU.ActiveCfg = Debug|Any CPU
		{438914B6-5D1C-482C-B942-5C0E057EEF6F}.Debug|Any CPU.Build.0 = Debug|Any CPU
		{438914B6-5D1C-482C-B942-5C0E057EEF6F}.Debug|x64.ActiveCfg = Debug|Any CPU
		{438914B6-5D1C-482C-B942-5C0E057EEF6F}.Debug|x64.Build.0 = Debug|Any CPU
		{438914B6-5D1C-482C-B942-5C0E057EEF6F}.Debug|x86.ActiveCfg = Debug|Any CPU
		{438914B6-5D1C-482C-B942-5C0E057EEF6F}.Debug|x86.Build.0 = Debug|Any CPU
		{438914B6-5D1C-482C-B942-5C0E057EEF6F}.Release|Any CPU.ActiveCfg = Release|Any CPU
		{438914B6-5D1C-482C-B942-5C0E057EEF6F}.Release|Any CPU.Build.0 = Release|Any CPU
		{438914B6-5D1C-482C-B942-5C0E057EEF6F}.Release|x64.ActiveCfg = Release|Any CPU
		{438914B6-5D1C-482C-B942-5C0E057EEF6F}.Release|x64.Build.0 = Release|Any CPU
		{438914B6-5D1C-482C-B942-5C0E057EEF6F}.Release|x86.ActiveCfg = Release|Any CPU
		{438914B6-5D1C-482C-B942-5C0E057EEF6F}.Release|x86.Build.0 = Release|Any CPU
		{ADD131F6-17EB-4E42-932F-74CBE6DBEEB3}.Debug|Any CPU.ActiveCfg = Debug|Any CPU
		{ADD131F6-17EB-4E42-932F-74CBE6DBEEB3}.Debug|Any CPU.Build.0 = Debug|Any CPU
		{ADD131F6-17EB-4E42-932F-74CBE6DBEEB3}.Debug|x64.ActiveCfg = Debug|x64
		{ADD131F6-17EB-4E42-932F-74CBE6DBEEB3}.Debug|x64.Build.0 = Debug|x64
		{ADD131F6-17EB-4E42-932F-74CBE6DBEEB3}.Debug|x86.ActiveCfg = Debug|x86
		{ADD131F6-17EB-4E42-932F-74CBE6DBEEB3}.Debug|x86.Build.0 = Debug|x86
		{ADD131F6-17EB-4E42-932F-74CBE6DBEEB3}.Release|Any CPU.ActiveCfg = Release|Any CPU
		{ADD131F6-17EB-4E42-932F-74CBE6DBEEB3}.Release|Any CPU.Build.0 = Release|Any CPU
		{ADD131F6-17EB-4E42-932F-74CBE6DBEEB3}.Release|x64.ActiveCfg = Release|x64
		{ADD131F6-17EB-4E42-932F-74CBE6DBEEB3}.Release|x64.Build.0 = Release|x64
		{ADD131F6-17EB-4E42-932F-74CBE6DBEEB3}.Release|x86.ActiveCfg = Release|Any CPU
		{ADD131F6-17EB-4E42-932F-74CBE6DBEEB3}.Release|x86.Build.0 = Release|Any CPU
		{85013E2F-6DB1-48D6-AB3D-67181FEFD916}.Debug|Any CPU.ActiveCfg = Debug|Any CPU
		{85013E2F-6DB1-48D6-AB3D-67181FEFD916}.Debug|Any CPU.Build.0 = Debug|Any CPU
		{85013E2F-6DB1-48D6-AB3D-67181FEFD916}.Debug|x64.ActiveCfg = Debug|Any CPU
		{85013E2F-6DB1-48D6-AB3D-67181FEFD916}.Debug|x64.Build.0 = Debug|Any CPU
		{85013E2F-6DB1-48D6-AB3D-67181FEFD916}.Debug|x86.ActiveCfg = Debug|Any CPU
		{85013E2F-6DB1-48D6-AB3D-67181FEFD916}.Debug|x86.Build.0 = Debug|Any CPU
		{85013E2F-6DB1-48D6-AB3D-67181FEFD916}.Release|Any CPU.ActiveCfg = Release|Any CPU
		{85013E2F-6DB1-48D6-AB3D-67181FEFD916}.Release|Any CPU.Build.0 = Release|Any CPU
		{85013E2F-6DB1-48D6-AB3D-67181FEFD916}.Release|x64.ActiveCfg = Release|Any CPU
		{85013E2F-6DB1-48D6-AB3D-67181FEFD916}.Release|x64.Build.0 = Release|Any CPU
		{85013E2F-6DB1-48D6-AB3D-67181FEFD916}.Release|x86.ActiveCfg = Release|Any CPU
		{85013E2F-6DB1-48D6-AB3D-67181FEFD916}.Release|x86.Build.0 = Release|Any CPU
	EndGlobalSection
	GlobalSection(SolutionProperties) = preSolution
		HideSolutionNode = FALSE
	EndGlobalSection
	GlobalSection(ExtensibilityGlobals) = postSolution
		SolutionGuid = {7DE26C6A-3D1F-469D-8312-300ED2E99625}
	EndGlobalSection
EndGlobal
